// !$*UTF8*$!
{
	archiveVersion = 1;
	classes = {
	};
	objectVersion = 46;
	objects = {

/* Begin PBXBuildFile section */
		ADB367E21DD90241002C297D /* AppDelegate.swift in Sources */ = {isa = PBXBuildFile; fileRef = ADB367E11DD90241002C297D /* AppDelegate.swift */; };
		ADB367E41DD90241002C297D /* ViewController.swift in Sources */ = {isa = PBXBuildFile; fileRef = ADB367E31DD90241002C297D /* ViewController.swift */; };
		ADB367E71DD90241002C297D /* Main.storyboard in Resources */ = {isa = PBXBuildFile; fileRef = ADB367E51DD90241002C297D /* Main.storyboard */; };
		ADB367EA1DD90241002C297D /* RandomNumberGenerator.xcdatamodeld in Sources */ = {isa = PBXBuildFile; fileRef = ADB367E81DD90241002C297D /* RandomNumberGenerator.xcdatamodeld */; };
		ADB367EC1DD90241002C297D /* Assets.xcassets in Resources */ = {isa = PBXBuildFile; fileRef = ADB367EB1DD90241002C297D /* Assets.xcassets */; };
		ADB367EF1DD90241002C297D /* LaunchScreen.storyboard in Resources */ = {isa = PBXBuildFile; fileRef = ADB367ED1DD90241002C297D /* LaunchScreen.storyboard */; };
/* End PBXBuildFile section */

/* Begin PBXFileReference section */
		ADB367DE1DD90241002C297D /* RandomNumberGenerator.app */ = {isa = PBXFileReference; explicitFileType = wrapper.application; includeInIndex = 0; path = RandomNumberGenerator.app; sourceTree = BUILT_PRODUCTS_DIR; };
		ADB367E11DD90241002C297D /* AppDelegate.swift */ = {isa = PBXFileReference; lastKnownFileType = sourcecode.swift; path = AppDelegate.swift; sourceTree = "<group>"; };
		ADB367E31DD90241002C297D /* ViewController.swift */ = {isa = PBXFileReference; lastKnownFileType = sourcecode.swift; path = ViewController.swift; sourceTree = "<group>"; };
		ADB367E61DD90241002C297D /* Base */ = {isa = PBXFileReference; lastKnownFileType = file.storyboard; name = Base; path = Base.lproj/Main.storyboard; sourceTree = "<group>"; };
		ADB367E91DD90241002C297D /* RandomNumberGenerator.xcdatamodel */ = {isa = PBXFileReference; lastKnownFileType = wrapper.xcdatamodel; path = RandomNumberGenerator.xcdatamodel; sourceTree = "<group>"; };
		ADB367EB1DD90241002C297D /* Assets.xcassets */ = {isa = PBXFileReference; lastKnownFileType = folder.assetcatalog; path = Assets.xcassets; sourceTree = "<group>"; };
		ADB367EE1DD90241002C297D /* Base */ = {isa = PBXFileReference; lastKnownFileType = file.storyboard; name = Base; path = Base.lproj/LaunchScreen.storyboard; sourceTree = "<group>"; };
		ADB367F01DD90241002C297D /* Info.plist */ = {isa = PBXFileReference; lastKnownFileType = text.plist.xml; path = Info.plist; sourceTree = "<group>"; };
/* End PBXFileReference section */

/* Begin PBXFrameworksBuildPhase section */
		ADB367DB1DD90241002C297D /* Frameworks */ = {
			isa = PBXFrameworksBuildPhase;
			buildActionMask = 2147483647;
			files = (
			);
			runOnlyForDeploymentPostprocessing = 0;
		};
/* End PBXFrameworksBuildPhase section */

/* Begin PBXGroup section */
		ADB367D51DD90241002C297D = {
			isa = PBXGroup;
			children = (
				ADB367E01DD90241002C297D /* RandomNumberGenerator */,
				ADB367DF1DD90241002C297D /* Products */,
			);
			sourceTree = "<group>";
		};
		ADB367DF1DD90241002C297D /* Products */ = {
			isa = PBXGroup;
			children = (
				ADB367DE1DD90241002C297D /* RandomNumberGenerator.app */,
			);
			name = Products;
			sourceTree = "<group>";
		};
		ADB367E01DD90241002C297D /* RandomNumberGenerator */ = {
			isa = PBXGroup;
			children = (
				ADB367E11DD90241002C297D /* AppDelegate.swift */,
				ADB367E31DD90241002C297D /* ViewController.swift */,
				ADB367E51DD90241002C297D /* Main.storyboard */,
				ADB367EB1DD90241002C297D /* Assets.xcassets */,
				ADB367ED1DD90241002C297D /* LaunchScreen.storyboard */,
				ADB367F01DD90241002C297D /* Info.plist */,
				ADB367E81DD90241002C297D /* RandomNumberGenerator.xcdatamodeld */,
			);
			path = RandomNumberGenerator;
			sourceTree = "<group>";
		};
/* End PBXGroup section */

/* Begin PBXNativeTarget section */
		ADB367DD1DD90241002C297D /* RandomNumberGenerator */ = {
			isa = PBXNativeTarget;
			buildConfigurationList = ADB367F31DD90241002C297D /* Build configuration list for PBXNativeTarget "RandomNumberGenerator" */;
			buildPhases = (
				ADB367DA1DD90241002C297D /* Sources */,
				ADB367DB1DD90241002C297D /* Frameworks */,
				ADB367DC1DD90241002C297D /* Resources */,
			);
			buildRules = (
			);
			dependencies = (
			);
			name = RandomNumberGenerator;
			productName = RandomNumberGenerator;
			productReference = ADB367DE1DD90241002C297D /* RandomNumberGenerator.app */;
			productType = "com.apple.product-type.application";
		};
/* End PBXNativeTarget section */

/* Begin PBXProject section */
		ADB367D61DD90241002C297D /* Project object */ = {
			isa = PBXProject;
			attributes = {
				LastSwiftUpdateCheck = 0800;
				LastUpgradeCheck = 0800;
				ORGANIZATIONNAME = GKTayDesigns;
				TargetAttributes = {
					ADB367DD1DD90241002C297D = {
						CreatedOnToolsVersion = 8.0;
						ProvisioningStyle = Automatic;
					};
				};
			};
			buildConfigurationList = ADB367D91DD90241002C297D /* Build configuration list for PBXProject "RandomNumberGenerator" */;
			compatibilityVersion = "Xcode 3.2";
			developmentRegion = English;
			hasScannedForEncodings = 0;
			knownRegions = (
				en,
				Base,
			);
			mainGroup = ADB367D51DD90241002C297D;
			productRefGroup = ADB367DF1DD90241002C297D /* Products */;
			projectDirPath = "";
			projectRoot = "";
			targets = (
				ADB367DD1DD90241002C297D /* RandomNumberGenerator */,
			);
		};
/* End PBXProject section */

/* Begin PBXResourcesBuildPhase section */
		ADB367DC1DD90241002C297D /* Resources */ = {
			isa = PBXResourcesBuildPhase;
			buildActionMask = 2147483647;
			files = (
				ADB367EF1DD90241002C297D /* LaunchScreen.storyboard in Resources */,
				ADB367EC1DD90241002C297D /* Assets.xcassets in Resources */,
				ADB367E71DD90241002C297D /* Main.storyboard in Resources */,
			);
			runOnlyForDeploymentPostprocessing = 0;
		};
/* End PBXResourcesBuildPhase section */

/* Begin PBXSourcesBuildPhase section */
		ADB367DA1DD90241002C297D /* Sources */ = {
			isa = PBXSourcesBuildPhase;
			buildActionMask = 2147483647;
			files = (
				ADB367E41DD90241002C297D /* ViewController.swift in Sources */,
				ADB367E21DD90241002C297D /* AppDelegate.swift in Sources */,
				ADB367EA1DD90241002C297D /* RandomNumberGenerator.xcdatamodeld in Sources */,
			);
			runOnlyForDeploymentPostprocessing = 0;
		};
/* End PBXSourcesBuildPhase section */

/* Begin PBXVariantGroup section */
		ADB367E51DD90241002C297D /* Main.storyboard */ = {
			isa = PBXVariantGroup;
			children = (
				ADB367E61DD90241002C297D /* Base */,
			);
			name = Main.storyboard;
			sourceTree = "<group>";
		};
		ADB367ED1DD90241002C297D /* LaunchScreen.storyboard */ = {
			isa = PBXVariantGroup;
			children = (
				ADB367EE1DD90241002C297D /* Base */,
			);
			name = LaunchScreen.storyboard;
			sourceTree = "<group>";
		};
/* End PBXVariantGroup section */

/* Begin XCBuildConfiguration section */
		ADB367F11DD90241002C297D /* Debug */ = {
			isa = XCBuildConfiguration;
			buildSettings = {
				ALWAYS_SEARCH_USER_PATHS = NO;
				CLANG_ANALYZER_NONNULL = YES;
				CLANG_CXX_LANGUAGE_STANDARD = "gnu++0x";
				CLANG_CXX_LIBRARY = "libc++";
				CLANG_ENABLE_MODULES = YES;
				CLANG_ENABLE_OBJC_ARC = YES;
				CLANG_WARN_BOOL_CONVERSION = YES;
				CLANG_WARN_CONSTANT_CONVERSION = YES;
				CLANG_WARN_DIRECT_OBJC_ISA_USAGE = YES_ERROR;
				CLANG_WARN_DOCUMENTATION_COMMENTS = YES;
				CLANG_WARN_EMPTY_BODY = YES;
				CLANG_WARN_ENUM_CONVERSION = YES;
				CLANG_WARN_INFINITE_RECURSION = YES;
				CLANG_WARN_INT_CONVERSION = YES;
				CLANG_WARN_OBJC_ROOT_CLASS = YES_ERROR;
				CLANG_WARN_SUSPICIOUS_MOVES = YES;
				CLANG_WARN_UNREACHABLE_CODE = YES;
				CLANG_WARN__DUPLICATE_METHOD_MATCH = YES;
				"CODE_SIGN_IDENTITY[sdk=iphoneos*]" = "iPhone Developer";
				COPY_PHASE_STRIP = NO;
				DEBUG_INFORMATION_FORMAT = dwarf;
				ENABLE_STRICT_OBJC_MSGSEND = YES;
				ENABLE_TESTABILITY = YES;
				GCC_C_LANGUAGE_STANDARD = gnu99;
				GCC_DYNAMIC_NO_PIC = NO;
				GCC_NO_COMMON_BLOCKS = YES;
				GCC_OPTIMIZATION_LEVEL = 0;
				GCC_PREPROCESSOR_DEFINITIONS = (
					"DEBUG=1",
					"$(inherited)",
				);
				GCC_WARN_64_TO_32_BIT_CONVERSION = YES;
				GCC_WARN_ABOUT_RETURN_TYPE = YES_ERROR;
				GCC_WARN_UNDECLARED_SELECTOR = YES;
				GCC_WARN_UNINITIALIZED_AUTOS = YES_AGGRESSIVE;
				GCC_WARN_UNUSED_FUNCTION = YES;
				GCC_WARN_UNUSED_VARIABLE = YES;
				IPHONEOS_DEPLOYMENT_TARGET = 10.0;
				MTL_ENABLE_DEBUG_INFO = YES;
				ONLY_ACTIVE_ARCH = YES;
				SDKROOT = iphoneos;
				SWIFT_ACTIVE_COMPILATION_CONDITIONS = DEBUG;
				SWIFT_OPTIMIZATION_LEVEL = "-Onone";
			};
			name = Debug;
		};
		ADB367F21DD90241002C297D /* Release */ = {
			isa = XCBuildConfiguration;
			buildSettings = {
				ALWAYS_SEARCH_USER_PATHS = NO;
				CLANG_ANALYZER_NONNULL = YES;
				CLANG_CXX_LANGUAGE_STANDARD = "gnu++0x";
				CLANG_CXX_LIBRARY = "libc++";
				CLANG_ENABLE_MODULES = YES;
				CLANG_ENABLE_OBJC_ARC = YES;
				CLANG_WARN_BOOL_CONVERSION = YES;
				CLANG_WARN_CONSTANT_CONVERSION = YES;
				CLANG_WARN_DIRECT_OBJC_ISA_USAGE = YES_ERROR;
				CLANG_WARN_DOCUMENTATION_COMMENTS = YES;
				CLANG_WARN_EMPTY_BODY = YES;
				CLANG_WARN_ENUM_CONVERSION = YES;
				CLANG_WARN_INFINITE_RECURSION = YES;
				CLANG_WARN_INT_CONVERSION = YES;
				CLANG_WARN_OBJC_ROOT_CLASS = YES_ERROR;
				CLANG_WARN_SUSPICIOUS_MOVES = YES;
				CLANG_WARN_UNREACHABLE_CODE = YES;
				CLANG_WARN__DUPLICATE_METHOD_MATCH = YES;
				"CODE_SIGN_IDENTITY[sdk=iphoneos*]" = "iPhone Developer";
				COPY_PHASE_STRIP = NO;
				DEBUG_INFORMATION_FORMAT = "dwarf-with-dsym";
				ENABLE_NS_ASSERTIONS = NO;
				ENABLE_STRICT_OBJC_MSGSEND = YES;
				GCC_C_LANGUAGE_STANDARD = gnu99;
				GCC_NO_COMMON_BLOCKS = YES;
				GCC_WARN_64_TO_32_BIT_CONVERSION = YES;
				GCC_WARN_ABOUT_RETURN_TYPE = YES_ERROR;
				GCC_WARN_UNDECLARED_SELECTOR = YES;
				GCC_WARN_UNINITIALIZED_AUTOS = YES_AGGRESSIVE;
				GCC_WARN_UNUSED_FUNCTION = YES;
				GCC_WARN_UNUSED_VARIABLE = YES;
				IPHONEOS_DEPLOYMENT_TARGET = 10.0;
				MTL_ENABLE_DEBUG_INFO = NO;
				SDKROOT = iphoneos;
				SWIFT_OPTIMIZATION_LEVEL = "-Owholemodule";
				VALIDATE_PRODUCT = YES;
			};
			name = Release;
		};
		ADB367F41DD90241002C297D /* Debug */ = {
			isa = XCBuildConfiguration;
			buildSettings = {
				ASSETCATALOG_COMPILER_APPICON_NAME = AppIcon;
				INFOPLIST_FILE = RandomNumberGenerator/Info.plist;
				LD_RUNPATH_SEARCH_PATHS = "$(inherited) @executable_path/Frameworks";
				PRODUCT_BUNDLE_IDENTIFIER = com.gktaydesigns.RandomNumberGenerator;
				PRODUCT_NAME = "$(TARGET_NAME)";
				SWIFT_VERSION = 3.0;
			};
			name = Debug;
		};
		ADB367F51DD90241002C297D /* Release */ = {
			isa = XCBuildConfiguration;
			buildSettings = {
				ASSETCATALOG_COMPILER_APPICON_NAME = AppIcon;
				INFOPLIST_FILE = RandomNumberGenerator/Info.plist;
				LD_RUNPATH_SEARCH_PATHS = "$(inherited) @executable_path/Frameworks";
				PRODUCT_BUNDLE_IDENTIFIER = com.gktaydesigns.RandomNumberGenerator;
				PRODUCT_NAME = "$(TARGET_NAME)";
				SWIFT_VERSION = 3.0;
			};
			name = Release;
		};
/* End XCBuildConfiguration section */

/* Begin XCConfigurationList section */
		ADB367D91DD90241002C297D /* Build configuration list for PBXProject "RandomNumberGenerator" */ = {
			isa = XCConfigurationList;
			buildConfigurations = (
				ADB367F11DD90241002C297D /* Debug */,
				ADB367F21DD90241002C297D /* Release */,
			);
			defaultConfigurationIsVisible = 0;
			defaultConfigurationName = Release;
		};
		ADB367F31DD90241002C297D /* Build configuration list for PBXNativeTarget "RandomNumberGenerator" */ = {
			isa = XCConfigurationList;
			buildConfigurations = (
				ADB367F41DD90241002C297D /* Debug */,
				ADB367F51DD90241002C297D /* Release */,
			);
			defaultConfigurationIsVisible = 0;
		};
/* End XCConfigurationList section */

/* Begin XCVersionGroup section */
		ADB367E81DD90241002C297D /* RandomNumberGenerator.xcdatamodeld */ = {
			isa = XCVersionGroup;
			children = (
				ADB367E91DD90241002C297D /* RandomNumberGenerator.xcdatamodel */,
			);
			currentVersion = ADB367E91DD90241002C297D /* RandomNumberGenerator.xcdatamodel */;
			path = RandomNumberGenerator.xcdatamodeld;
			sourceTree = "<group>";
			versionGroupType = wrapper.xcdatamodel;
		};
/* End XCVersionGroup section */
	};
	rootObject = ADB367D61DD90241002C297D /* Project object */;
}
